
Microsoft Visual Studio Solution File, Format Version 12.00
# Visual Studio 15
Project("{FAE04EC0-301F-11D3-BF4B-00C04F79EFBC}") = "UnityEngine.UI", "UnityEngine.UI.csproj", "{A3209C9D-1699-8C5A-8805-7370100C60F2}"
EndProject
Project("{FAE04EC0-301F-11D3-BF4B-00C04F79EFBC}") = "Assembly-CSharp", "Assembly-CSharp.csproj", "{D4B4E896-F7A7-D710-4FBA-AE440B706D9D}"
EndProject
Project("{FAE04EC0-301F-11D3-BF4B-00C04F79EFBC}") = "UnityEditor.UI", "UnityEditor.UI.csproj", "{68F6695F-B7BB-DBBC-DB36-B4DA0DF5725D}"
EndProject
Project("{FAE04EC0-301F-11D3-BF4B-00C04F79EFBC}") = "Unity.2D.Tilemap.Editor", "Unity.2D.Tilemap.Editor.csproj", "{B4CFA664-B865-DABA-FA39-869371A0C613}"
EndProject
Project("{FAE04EC0-301F-11D3-BF4B-00C04F79EFBC}") = "Unity.2D.Sprite.Editor", "Unity.2D.Sprite.Editor.csproj", "{AA54EA67-49B4-2C15-2F61-C27D1B2220FB}"
EndProject
Global
	GlobalSection(SolutionConfigurationPlatforms) = preSolution
		Debug|Any CPU = Debug|Any CPU
		Release|Any CPU = Release|Any CPU
	EndGlobalSection
	GlobalSection(ProjectConfigurationPlatforms) = postSolution
		{A3209C9D-1699-8C5A-8805-7370100C60F2}.Debug|Any CPU.ActiveCfg = Debug|Any CPU
		{A3209C9D-1699-8C5A-8805-7370100C60F2}.Debug|Any CPU.Build.0 = Debug|Any CPU
		{A3209C9D-1699-8C5A-8805-7370100C60F2}.Release|Any CPU.ActiveCfg = Release|Any CPU
		{A3209C9D-1699-8C5A-8805-7370100C60F2}.Release|Any CPU.Build.0 = Release|Any CPU
		{D4B4E896-F7A7-D710-4FBA-AE440B706D9D}.Debug|Any CPU.ActiveCfg = Debug|Any CPU
		{D4B4E896-F7A7-D710-4FBA-AE440B706D9D}.Debug|Any CPU.Build.0 = Debug|Any CPU
		{D4B4E896-F7A7-D710-4FBA-AE440B706D9D}.Release|Any CPU.ActiveCfg = Release|Any CPU
		{D4B4E896-F7A7-D710-4FBA-AE440B706D9D}.Release|Any CPU.Build.0 = Release|Any CPU
		{68F6695F-B7BB-DBBC-DB36-B4DA0DF5725D}.Debug|Any CPU.ActiveCfg = Debug|Any CPU
		{68F6695F-B7BB-DBBC-DB36-B4DA0DF5725D}.Debug|Any CPU.Build.0 = Debug|Any CPU
		{68F6695F-B7BB-DBBC-DB36-B4DA0DF5725D}.Release|Any CPU.ActiveCfg = Release|Any CPU
		{68F6695F-B7BB-DBBC-DB36-B4DA0DF5725D}.Release|Any CPU.Build.0 = Release|Any CPU
		{B4CFA664-B865-DABA-FA39-869371A0C613}.Debug|Any CPU.ActiveCfg = Debug|Any CPU
		{B4CFA664-B865-DABA-FA39-869371A0C613}.Debug|Any CPU.Build.0 = Debug|Any CPU
		{B4CFA664-B865-DABA-FA39-869371A0C613}.Release|Any CPU.ActiveCfg = Release|Any CPU
		{B4CFA664-B865-DABA-FA39-869371A0C613}.Release|Any CPU.Build.0 = Release|Any CPU
		{AA54EA67-49B4-2C15-2F61-C27D1B2220FB}.Debug|Any CPU.ActiveCfg = Debug|Any CPU
		{AA54EA67-49B4-2C15-2F61-C27D1B2220FB}.Debug|Any CPU.Build.0 = Debug|Any CPU
		{AA54EA67-49B4-2C15-2F61-C27D1B2220FB}.Release|Any CPU.ActiveCfg = Release|Any CPU
		{AA54EA67-49B4-2C15-2F61-C27D1B2220FB}.Release|Any CPU.Build.0 = Release|Any CPU
	EndGlobalSection
	GlobalSection(SolutionProperties) = preSolution
		HideSolutionNode = FALSE
	EndGlobalSection
EndGlobal
